
Microsoft Visual Studio Solution File, Format Version 12.00
# Visual Studio Version 17
VisualStudioVersion = 17.4.33110.190
MinimumVisualStudioVersion = 10.0.40219.1
Project("{9A19103F-16F7-4668-BE54-9A1E7A4F7556}") = "UrlShortnerApp", "UrlShortnerApp\UrlShortnerApp.csproj", "{0EAB5DE3-8B87-4952-9CE2-F4B73EF59F32}"
EndProject
Project("{9A19103F-16F7-4668-BE54-9A1E7A4F7556}") = "UrlShortnerApps.DataAccess", "UrlShortnerApps.DataAccess\UrlShortnerApps.DataAccess.csproj", "{B5B52120-4555-4236-AF27-897ECDE6B8A4}"
EndProject
Project("{9A19103F-16F7-4668-BE54-9A1E7A4F7556}") = "UrlShortnerApps.Entities", "UrlShortnerApps.Entities\UrlShortnerApps.Entities.csproj", "{06622C02-9184-4ABC-89DF-F4F92A65821D}"
EndProject
Global
	GlobalSection(SolutionConfigurationPlatforms) = preSolution
		Debug|Any CPU = Debug|Any CPU
		Release|Any CPU = Release|Any CPU
	EndGlobalSection
	GlobalSection(ProjectConfigurationPlatforms) = postSolution
		{0EAB5DE3-8B87-4952-9CE2-F4B73EF59F32}.Debug|Any CPU.ActiveCfg = Debug|Any CPU
		{0EAB5DE3-8B87-4952-9CE2-F4B73EF59F32}.Debug|Any CPU.Build.0 = Debug|Any CPU
		{0EAB5DE3-8B87-4952-9CE2-F4B73EF59F32}.Release|Any CPU.ActiveCfg = Release|Any CPU
		{0EAB5DE3-8B87-4952-9CE2-F4B73EF59F32}.Release|Any CPU.Build.0 = Release|Any CPU
		{B5B52120-4555-4236-AF27-897ECDE6B8A4}.Debug|Any CPU.ActiveCfg = Debug|Any CPU
		{B5B52120-4555-4236-AF27-897ECDE6B8A4}.Debug|Any CPU.Build.0 = Debug|Any CPU
		{B5B52120-4555-4236-AF27-897ECDE6B8A4}.Release|Any CPU.ActiveCfg = Release|Any CPU
		{B5B52120-4555-4236-AF27-897ECDE6B8A4}.Release|Any CPU.Build.0 = Release|Any CPU
		{06622C02-9184-4ABC-89DF-F4F92A65821D}.Debug|Any CPU.ActiveCfg = Debug|Any CPU
		{06622C02-9184-4ABC-89DF-F4F92A65821D}.Debug|Any CPU.Build.0 = Debug|Any CPU
		{06622C02-9184-4ABC-89DF-F4F92A65821D}.Release|Any CPU.ActiveCfg = Release|Any CPU
		{06622C02-9184-4ABC-89DF-F4F92A65821D}.Release|Any CPU.Build.0 = Release|Any CPU
	EndGlobalSection
	GlobalSection(SolutionProperties) = preSolution
		HideSolutionNode = FALSE
	EndGlobalSection
	GlobalSection(ExtensibilityGlobals) = postSolution
		SolutionGuid = {3D6F0D61-3396-4AEE-9F54-02327468C96A}
	EndGlobalSection
EndGlobal
